
Microsoft Visual Studio Solution File, Format Version 12.00
# Visual Studio Version 16
VisualStudioVersion = 25.0.1706.7
MinimumVisualStudioVersion = 10.0.40219.1
Project("{FAE04EC0-301F-11D3-BF4B-00C04F79EFBC}") = "ApiRequestTest", "ApiRequestTest\ApiRequestTest.csproj", "{F7399799-58A7-4FBC-B089-3DF609BA2953}"
EndProject
Global
	GlobalSection(SolutionConfigurationPlatforms) = preSolution
		Debug|Any CPU = Debug|Any CPU
		Release|Any CPU = Release|Any CPU
	EndGlobalSection
	GlobalSection(ProjectConfigurationPlatforms) = postSolution
		{F7399799-58A7-4FBC-B089-3DF609BA2953}.Debug|Any CPU.ActiveCfg = Debug|Any CPU
		{F7399799-58A7-4FBC-B089-3DF609BA2953}.Debug|Any CPU.Build.0 = Debug|Any CPU
		{F7399799-58A7-4FBC-B089-3DF609BA2953}.Release|Any CPU.ActiveCfg = Release|Any CPU
		{F7399799-58A7-4FBC-B089-3DF609BA2953}.Release|Any CPU.Build.0 = Release|Any CPU
	EndGlobalSection
	GlobalSection(SolutionProperties) = preSolution
		HideSolutionNode = FALSE
	EndGlobalSection
	GlobalSection(ExtensibilityGlobals) = postSolution
		SolutionGuid = {F3119F3E-2C71-4F78-AD54-F7A2386BD1DA}
	EndGlobalSection
EndGlobal
